// !$*UTF8*$!
{
	archiveVersion = 1;
	classes = {
	};
	objectVersion = 50;
	objects = {

/* Begin PBXBuildFile section */
		18C285BB22BD616500A6684A /* AppDelegate.swift in Sources */ = {isa = PBXBuildFile; fileRef = 18C285BA22BD616500A6684A /* AppDelegate.swift */; };
		18C285C022BD616500A6684A /* Main.storyboard in Resources */ = {isa = PBXBuildFile; fileRef = 18C285BE22BD616500A6684A /* Main.storyboard */; };
		18C285C322BD616500A6684A /* ToDoList.xcdatamodeld in Sources */ = {isa = PBXBuildFile; fileRef = 18C285C122BD616500A6684A /* ToDoList.xcdatamodeld */; };
		18C285C522BD616500A6684A /* Assets.xcassets in Resources */ = {isa = PBXBuildFile; fileRef = 18C285C422BD616500A6684A /* Assets.xcassets */; };
		18C285C822BD616500A6684A /* LaunchScreen.storyboard in Resources */ = {isa = PBXBuildFile; fileRef = 18C285C622BD616500A6684A /* LaunchScreen.storyboard */; };
		18C285D322BD616600A6684A /* ToDoListTests.swift in Sources */ = {isa = PBXBuildFile; fileRef = 18C285D222BD616600A6684A /* ToDoListTests.swift */; };
		18C285DE22BD616600A6684A /* ToDoListUITests.swift in Sources */ = {isa = PBXBuildFile; fileRef = 18C285DD22BD616600A6684A /* ToDoListUITests.swift */; };
		18C285EC22BD69D800A6684A /* TableViewController.swift in Sources */ = {isa = PBXBuildFile; fileRef = 18C285EB22BD69D800A6684A /* TableViewController.swift */; };
		18C285EE22C10FF300A6684A /* ToDo.swift in Sources */ = {isa = PBXBuildFile; fileRef = 18C285ED22C10FF300A6684A /* ToDo.swift */; };
		18C285F022C1108700A6684A /* ToDoTableViewController.swift in Sources */ = {isa = PBXBuildFile; fileRef = 18C285EF22C1108700A6684A /* ToDoTableViewController.swift */; };
/* End PBXBuildFile section */

/* Begin PBXContainerItemProxy section */
		18C285CF22BD616600A6684A /* PBXContainerItemProxy */ = {
			isa = PBXContainerItemProxy;
			containerPortal = 18C285AF22BD616500A6684A /* Project object */;
			proxyType = 1;
			remoteGlobalIDString = 18C285B622BD616500A6684A;
			remoteInfo = ToDoList;
		};
		18C285DA22BD616600A6684A /* PBXContainerItemProxy */ = {
			isa = PBXContainerItemProxy;
			containerPortal = 18C285AF22BD616500A6684A /* Project object */;
			proxyType = 1;
			remoteGlobalIDString = 18C285B622BD616500A6684A;
			remoteInfo = ToDoList;
		};
/* End PBXContainerItemProxy section */

/* Begin PBXFileReference section */
		18C285B722BD616500A6684A /* ToDoList.app */ = {isa = PBXFileReference; explicitFileType = wrapper.application; includeInIndex = 0; path = ToDoList.app; sourceTree = BUILT_PRODUCTS_DIR; };
		18C285BA22BD616500A6684A /* AppDelegate.swift */ = {isa = PBXFileReference; lastKnownFileType = sourcecode.swift; path = AppDelegate.swift; sourceTree = "<group>"; };
		18C285BF22BD616500A6684A /* Base */ = {isa = PBXFileReference; lastKnownFileType = file.storyboard; name = Base; path = Base.lproj/Main.storyboard; sourceTree = "<group>"; };
		18C285C222BD616500A6684A /* ToDoList.xcdatamodel */ = {isa = PBXFileReference; lastKnownFileType = wrapper.xcdatamodel; path = ToDoList.xcdatamodel; sourceTree = "<group>"; };
		18C285C422BD616500A6684A /* Assets.xcassets */ = {isa = PBXFileReference; lastKnownFileType = folder.assetcatalog; path = Assets.xcassets; sourceTree = "<group>"; };
		18C285C722BD616500A6684A /* Base */ = {isa = PBXFileReference; lastKnownFileType = file.storyboard; name = Base; path = Base.lproj/LaunchScreen.storyboard; sourceTree = "<group>"; };
		18C285C922BD616500A6684A /* Info.plist */ = {isa = PBXFileReference; lastKnownFileType = text.plist.xml; path = Info.plist; sourceTree = "<group>"; };
		18C285CE22BD616600A6684A /* ToDoListTests.xctest */ = {isa = PBXFileReference; explicitFileType = wrapper.cfbundle; includeInIndex = 0; path = ToDoListTests.xctest; sourceTree = BUILT_PRODUCTS_DIR; };
		18C285D222BD616600A6684A /* ToDoListTests.swift */ = {isa = PBXFileReference; lastKnownFileType = sourcecode.swift; path = ToDoListTests.swift; sourceTree = "<group>"; };
		18C285D422BD616600A6684A /* Info.plist */ = {isa = PBXFileReference; lastKnownFileType = text.plist.xml; path = Info.plist; sourceTree = "<group>"; };
		18C285D922BD616600A6684A /* ToDoListUITests.xctest */ = {isa = PBXFileReference; explicitFileType = wrapper.cfbundle; includeInIndex = 0; path = ToDoListUITests.xctest; sourceTree = BUILT_PRODUCTS_DIR; };
		18C285DD22BD616600A6684A /* ToDoListUITests.swift */ = {isa = PBXFileReference; lastKnownFileType = sourcecode.swift; path = ToDoListUITests.swift; sourceTree = "<group>"; };
		18C285DF22BD616600A6684A /* Info.plist */ = {isa = PBXFileReference; lastKnownFileType = text.plist.xml; path = Info.plist; sourceTree = "<group>"; };
		18C285EB22BD69D800A6684A /* TableViewController.swift */ = {isa = PBXFileReference; lastKnownFileType = sourcecode.swift; path = TableViewController.swift; sourceTree = "<group>"; };
		18C285ED22C10FF300A6684A /* ToDo.swift */ = {isa = PBXFileReference; lastKnownFileType = sourcecode.swift; path = ToDo.swift; sourceTree = "<group>"; };
		18C285EF22C1108700A6684A /* ToDoTableViewController.swift */ = {isa = PBXFileReference; lastKnownFileType = sourcecode.swift; path = ToDoTableViewController.swift; sourceTree = "<group>"; };
/* End PBXFileReference section */

/* Begin PBXFrameworksBuildPhase section */
		18C285B422BD616500A6684A /* Frameworks */ = {
			isa = PBXFrameworksBuildPhase;
			buildActionMask = 2147483647;
			files = (
			);
			runOnlyForDeploymentPostprocessing = 0;
		};
		18C285CB22BD616600A6684A /* Frameworks */ = {
			isa = PBXFrameworksBuildPhase;
			buildActionMask = 2147483647;
			files = (
			);
			runOnlyForDeploymentPostprocessing = 0;
		};
		18C285D622BD616600A6684A /* Frameworks */ = {
			isa = PBXFrameworksBuildPhase;
			buildActionMask = 2147483647;
			files = (
			);
			runOnlyForDeploymentPostprocessing = 0;
		};
/* End PBXFrameworksBuildPhase section */

/* Begin PBXGroup section */
		18C285AE22BD616500A6684A = {
			isa = PBXGroup;
			children = (
				18C285B922BD616500A6684A /* ToDoList */,
				18C285D122BD616600A6684A /* ToDoListTests */,
				18C285DC22BD616600A6684A /* ToDoListUITests */,
				18C285B822BD616500A6684A /* Products */,
			);
			sourceTree = "<group>";
		};
		18C285B822BD616500A6684A /* Products */ = {
			isa = PBXGroup;
			children = (
				18C285B722BD616500A6684A /* ToDoList.app */,
				18C285CE22BD616600A6684A /* ToDoListTests.xctest */,
				18C285D922BD616600A6684A /* ToDoListUITests.xctest */,
			);
			name = Products;
			sourceTree = "<group>";
		};
		18C285B922BD616500A6684A /* ToDoList */ = {
			isa = PBXGroup;
			children = (
				18C285BA22BD616500A6684A /* AppDelegate.swift */,
				18C285BE22BD616500A6684A /* Main.storyboard */,
				18C285EF22C1108700A6684A /* ToDoTableViewController.swift */,
				18C285ED22C10FF300A6684A /* ToDo.swift */,
				18C285EB22BD69D800A6684A /* TableViewController.swift */,
				18C285C422BD616500A6684A /* Assets.xcassets */,
				18C285C622BD616500A6684A /* LaunchScreen.storyboard */,
				18C285C922BD616500A6684A /* Info.plist */,
				18C285C122BD616500A6684A /* ToDoList.xcdatamodeld */,
			);
			path = ToDoList;
			sourceTree = "<group>";
		};
		18C285D122BD616600A6684A /* ToDoListTests */ = {
			isa = PBXGroup;
			children = (
				18C285D222BD616600A6684A /* ToDoListTests.swift */,
				18C285D422BD616600A6684A /* Info.plist */,
			);
			path = ToDoListTests;
			sourceTree = "<group>";
		};
		18C285DC22BD616600A6684A /* ToDoListUITests */ = {
			isa = PBXGroup;
			children = (
				18C285DD22BD616600A6684A /* ToDoListUITests.swift */,
				18C285DF22BD616600A6684A /* Info.plist */,
			);
			path = ToDoListUITests;
			sourceTree = "<group>";
		};
/* End PBXGroup section */

/* Begin PBXNativeTarget section */
		18C285B622BD616500A6684A /* ToDoList */ = {
			isa = PBXNativeTarget;
			buildConfigurationList = 18C285E222BD616600A6684A /* Build configuration list for PBXNativeTarget "ToDoList" */;
			buildPhases = (
				18C285B322BD616500A6684A /* Sources */,
				18C285B422BD616500A6684A /* Frameworks */,
				18C285B522BD616500A6684A /* Resources */,
			);
			buildRules = (
			);
			dependencies = (
			);
			name = ToDoList;
			productName = ToDoList;
			productReference = 18C285B722BD616500A6684A /* ToDoList.app */;
			productType = "com.apple.product-type.application";
		};
		18C285CD22BD616600A6684A /* ToDoListTests */ = {
			isa = PBXNativeTarget;
			buildConfigurationList = 18C285E522BD616600A6684A /* Build configuration list for PBXNativeTarget "ToDoListTests" */;
			buildPhases = (
				18C285CA22BD616600A6684A /* Sources */,
				18C285CB22BD616600A6684A /* Frameworks */,
				18C285CC22BD616600A6684A /* Resources */,
			);
			buildRules = (
			);
			dependencies = (
				18C285D022BD616600A6684A /* PBXTargetDependency */,
			);
			name = ToDoListTests;
			productName = ToDoListTests;
			productReference = 18C285CE22BD616600A6684A /* ToDoListTests.xctest */;
			productType = "com.apple.product-type.bundle.unit-test";
		};
		18C285D822BD616600A6684A /* ToDoListUITests */ = {
			isa = PBXNativeTarget;
			buildConfigurationList = 18C285E822BD616600A6684A /* Build configuration list for PBXNativeTarget "ToDoListUITests" */;
			buildPhases = (
				18C285D522BD616600A6684A /* Sources */,
				18C285D622BD616600A6684A /* Frameworks */,
				18C285D722BD616600A6684A /* Resources */,
			);
			buildRules = (
			);
			dependencies = (
				18C285DB22BD616600A6684A /* PBXTargetDependency */,
			);
			name = ToDoListUITests;
			productName = ToDoListUITests;
			productReference = 18C285D922BD616600A6684A /* ToDoListUITests.xctest */;
			productType = "com.apple.product-type.bundle.ui-testing";
		};
/* End PBXNativeTarget section */

/* Begin PBXProject section */
		18C285AF22BD616500A6684A /* Project object */ = {
			isa = PBXProject;
			attributes = {
				LastSwiftUpdateCheck = 1020;
				LastUpgradeCheck = 1020;
				ORGANIZATIONNAME = Apple;
				TargetAttributes = {
					18C285B622BD616500A6684A = {
						CreatedOnToolsVersion = 10.2.1;
					};
					18C285CD22BD616600A6684A = {
						CreatedOnToolsVersion = 10.2.1;
						TestTargetID = 18C285B622BD616500A6684A;
					};
					18C285D822BD616600A6684A = {
						CreatedOnToolsVersion = 10.2.1;
						TestTargetID = 18C285B622BD616500A6684A;
					};
				};
			};
			buildConfigurationList = 18C285B222BD616500A6684A /* Build configuration list for PBXProject "ToDoList" */;
			compatibilityVersion = "Xcode 9.3";
			developmentRegion = en;
			hasScannedForEncodings = 0;
			knownRegions = (
				en,
				Base,
			);
			mainGroup = 18C285AE22BD616500A6684A;
			productRefGroup = 18C285B822BD616500A6684A /* Products */;
			projectDirPath = "";
			projectRoot = "";
			targets = (
				18C285B622BD616500A6684A /* ToDoList */,
				18C285CD22BD616600A6684A /* ToDoListTests */,
				18C285D822BD616600A6684A /* ToDoListUITests */,
			);
		};
/* End PBXProject section */

/* Begin PBXResourcesBuildPhase section */
		18C285B522BD616500A6684A /* Resources */ = {
			isa = PBXResourcesBuildPhase;
			buildActionMask = 2147483647;
			files = (
				18C285C822BD616500A6684A /* LaunchScreen.storyboard in Resources */,
				18C285C522BD616500A6684A /* Assets.xcassets in Resources */,
				18C285C022BD616500A6684A /* Main.storyboard in Resources */,
			);
			runOnlyForDeploymentPostprocessing = 0;
		};
		18C285CC22BD616600A6684A /* Resources */ = {
			isa = PBXResourcesBuildPhase;
			buildActionMask = 2147483647;
			files = (
			);
			runOnlyForDeploymentPostprocessing = 0;
		};
		18C285D722BD616600A6684A /* Resources */ = {
			isa = PBXResourcesBuildPhase;
			buildActionMask = 2147483647;
			files = (
			);
			runOnlyForDeploymentPostprocessing = 0;
		};
/* End PBXResourcesBuildPhase section */

/* Begin PBXSourcesBuildPhase section */
		18C285B322BD616500A6684A /* Sources */ = {
			isa = PBXSourcesBuildPhase;
			buildActionMask = 2147483647;
			files = (
				18C285C322BD616500A6684A /* ToDoList.xcdatamodeld in Sources */,
				18C285EC22BD69D800A6684A /* TableViewController.swift in Sources */,
				18C285BB22BD616500A6684A /* AppDelegate.swift in Sources */,
				18C285EE22C10FF300A6684A /* ToDo.swift in Sources */,
				18C285F022C1108700A6684A /* ToDoTableViewController.swift in Sources */,
			);
			runOnlyForDeploymentPostprocessing = 0;
		};
		18C285CA22BD616600A6684A /* Sources */ = {
			isa = PBXSourcesBuildPhase;
			buildActionMask = 2147483647;
			files = (
				18C285D322BD616600A6684A /* ToDoListTests.swift in Sources */,
			);
			runOnlyForDeploymentPostprocessing = 0;
		};
		18C285D522BD616600A6684A /* Sources */ = {
			isa = PBXSourcesBuildPhase;
			buildActionMask = 2147483647;
			files = (
				18C285DE22BD616600A6684A /* ToDoListUITests.swift in Sources */,
			);
			runOnlyForDeploymentPostprocessing = 0;
		};
/* End PBXSourcesBuildPhase section */

/* Begin PBXTargetDependency section */
		18C285D022BD616600A6684A /* PBXTargetDependency */ = {
			isa = PBXTargetDependency;
			target = 18C285B622BD616500A6684A /* ToDoList */;
			targetProxy = 18C285CF22BD616600A6684A /* PBXContainerItemProxy */;
		};
		18C285DB22BD616600A6684A /* PBXTargetDependency */ = {
			isa = PBXTargetDependency;
			target = 18C285B622BD616500A6684A /* ToDoList */;
			targetProxy = 18C285DA22BD616600A6684A /* PBXContainerItemProxy */;
		};
/* End PBXTargetDependency section */

/* Begin PBXVariantGroup section */
		18C285BE22BD616500A6684A /* Main.storyboard */ = {
			isa = PBXVariantGroup;
			children = (
				18C285BF22BD616500A6684A /* Base */,
			);
			name = Main.storyboard;
			sourceTree = "<group>";
		};
		18C285C622BD616500A6684A /* LaunchScreen.storyboard */ = {
			isa = PBXVariantGroup;
			children = (
				18C285C722BD616500A6684A /* Base */,
			);
			name = LaunchScreen.storyboard;
			sourceTree = "<group>";
		};
/* End PBXVariantGroup section */

/* Begin XCBuildConfiguration section */
		18C285E022BD616600A6684A /* Debug */ = {
			isa = XCBuildConfiguration;
			buildSettings = {
				ALWAYS_SEARCH_USER_PATHS = NO;
				CLANG_ANALYZER_NONNULL = YES;
				CLANG_ANALYZER_NUMBER_OBJECT_CONVERSION = YES_AGGRESSIVE;
				CLANG_CXX_LANGUAGE_STANDARD = "gnu++14";
				CLANG_CXX_LIBRARY = "libc++";
				CLANG_ENABLE_MODULES = YES;
				CLANG_ENABLE_OBJC_ARC = YES;
				CLANG_ENABLE_OBJC_WEAK = YES;
				CLANG_WARN_BLOCK_CAPTURE_AUTORELEASING = YES;
				CLANG_WARN_BOOL_CONVERSION = YES;
				CLANG_WARN_COMMA = YES;
				CLANG_WARN_CONSTANT_CONVERSION = YES;
				CLANG_WARN_DEPRECATED_OBJC_IMPLEMENTATIONS = YES;
				CLANG_WARN_DIRECT_OBJC_ISA_USAGE = YES_ERROR;
				CLANG_WARN_DOCUMENTATION_COMMENTS = YES;
				CLANG_WARN_EMPTY_BODY = YES;
				CLANG_WARN_ENUM_CONVERSION = YES;
				CLANG_WARN_INFINITE_RECURSION = YES;
				CLANG_WARN_INT_CONVERSION = YES;
				CLANG_WARN_NON_LITERAL_NULL_CONVERSION = YES;
				CLANG_WARN_OBJC_IMPLICIT_RETAIN_SELF = YES;
				CLANG_WARN_OBJC_LITERAL_CONVERSION = YES;
				CLANG_WARN_OBJC_ROOT_CLASS = YES_ERROR;
				CLANG_WARN_RANGE_LOOP_ANALYSIS = YES;
				CLANG_WARN_STRICT_PROTOTYPES = YES;
				CLANG_WARN_SUSPICIOUS_MOVE = YES;
				CLANG_WARN_UNGUARDED_AVAILABILITY = YES_AGGRESSIVE;
				CLANG_WARN_UNREACHABLE_CODE = YES;
				CLANG_WARN__DUPLICATE_METHOD_MATCH = YES;
				CODE_SIGN_IDENTITY = "iPhone Developer";
				COPY_PHASE_STRIP = NO;
				DEBUG_INFORMATION_FORMAT = dwarf;
				ENABLE_STRICT_OBJC_MSGSEND = YES;
				ENABLE_TESTABILITY = YES;
				GCC_C_LANGUAGE_STANDARD = gnu11;
				GCC_DYNAMIC_NO_PIC = NO;
				GCC_NO_COMMON_BLOCKS = YES;
				GCC_OPTIMIZATION_LEVEL = 0;
				GCC_PREPROCESSOR_DEFINITIONS = (
					"DEBUG=1",
					"$(inherited)",
				);
				GCC_WARN_64_TO_32_BIT_CONVERSION = YES;
				GCC_WARN_ABOUT_RETURN_TYPE = YES_ERROR;
				GCC_WARN_UNDECLARED_SELECTOR = YES;
				GCC_WARN_UNINITIALIZED_AUTOS = YES_AGGRESSIVE;
				GCC_WARN_UNUSED_FUNCTION = YES;
				GCC_WARN_UNUSED_VARIABLE = YES;
				IPHONEOS_DEPLOYMENT_TARGET = 12.2;
				MTL_ENABLE_DEBUG_INFO = INCLUDE_SOURCE;
				MTL_FAST_MATH = YES;
				ONLY_ACTIVE_ARCH = YES;
				SDKROOT = iphoneos;
				SWIFT_ACTIVE_COMPILATION_CONDITIONS = DEBUG;
				SWIFT_OPTIMIZATION_LEVEL = "-Onone";
			};
			name = Debug;
		};
		18C285E122BD616600A6684A /* Release */ = {
			isa = XCBuildConfiguration;
			buildSettings = {
				ALWAYS_SEARCH_USER_PATHS = NO;
				CLANG_ANALYZER_NONNULL = YES;
				CLANG_ANALYZER_NUMBER_OBJECT_CONVERSION = YES_AGGRESSIVE;
				CLANG_CXX_LANGUAGE_STANDARD = "gnu++14";
				CLANG_CXX_LIBRARY = "libc++";
				CLANG_ENABLE_MODULES = YES;
				CLANG_ENABLE_OBJC_ARC = YES;
				CLANG_ENABLE_OBJC_WEAK = YES;
				CLANG_WARN_BLOCK_CAPTURE_AUTORELEASING = YES;
				CLANG_WARN_BOOL_CONVERSION = YES;
				CLANG_WARN_COMMA = YES;
				CLANG_WARN_CONSTANT_CONVERSION = YES;
				CLANG_WARN_DEPRECATED_OBJC_IMPLEMENTATIONS = YES;
				CLANG_WARN_DIRECT_OBJC_ISA_USAGE = YES_ERROR;
				CLANG_WARN_DOCUMENTATION_COMMENTS = YES;
				CLANG_WARN_EMPTY_BODY = YES;
				CLANG_WARN_ENUM_CONVERSION = YES;
				CLANG_WARN_INFINITE_RECURSION = YES;
				CLANG_WARN_INT_CONVERSION = YES;
				CLANG_WARN_NON_LITERAL_NULL_CONVERSION = YES;
				CLANG_WARN_OBJC_IMPLICIT_RETAIN_SELF = YES;
				CLANG_WARN_OBJC_LITERAL_CONVERSION = YES;
				CLANG_WARN_OBJC_ROOT_CLASS = YES_ERROR;
				CLANG_WARN_RANGE_LOOP_ANALYSIS = YES;
				CLANG_WARN_STRICT_PROTOTYPES = YES;
				CLANG_WARN_SUSPICIOUS_MOVE = YES;
				CLANG_WARN_UNGUARDED_AVAILABILITY = YES_AGGRESSIVE;
				CLANG_WARN_UNREACHABLE_CODE = YES;
				CLANG_WARN__DUPLICATE_METHOD_MATCH = YES;
				CODE_SIGN_IDENTITY = "iPhone Developer";
				COPY_PHASE_STRIP = NO;
				DEBUG_INFORMATION_FORMAT = "dwarf-with-dsym";
				ENABLE_NS_ASSERTIONS = NO;
				ENABLE_STRICT_OBJC_MSGSEND = YES;
				GCC_C_LANGUAGE_STANDARD = gnu11;
				GCC_NO_COMMON_BLOCKS = YES;
				GCC_WARN_64_TO_32_BIT_CONVERSION = YES;
				GCC_WARN_ABOUT_RETURN_TYPE = YES_ERROR;
				GCC_WARN_UNDECLARED_SELECTOR = YES;
				GCC_WARN_UNINITIALIZED_AUTOS = YES_AGGRESSIVE;
				GCC_WARN_UNUSED_FUNCTION = YES;
				GCC_WARN_UNUSED_VARIABLE = YES;
				IPHONEOS_DEPLOYMENT_TARGET = 12.2;
				MTL_ENABLE_DEBUG_INFO = NO;
				MTL_FAST_MATH = YES;
				SDKROOT = iphoneos;
				SWIFT_COMPILATION_MODE = wholemodule;
				SWIFT_OPTIMIZATION_LEVEL = "-O";
				VALIDATE_PRODUCT = YES;
			};
			name = Release;
		};
		18C285E322BD616600A6684A /* Debug */ = {
			isa = XCBuildConfiguration;
			buildSettings = {
				ASSETCATALOG_COMPILER_APPICON_NAME = AppIcon;
				CODE_SIGN_STYLE = Automatic;
				INFOPLIST_FILE = ToDoList/Info.plist;
				LD_RUNPATH_SEARCH_PATHS = (
					"$(inherited)",
					"@executable_path/Frameworks",
				);
				PRODUCT_BUNDLE_IDENTIFIER = IsabellaKulstad.ToDoList;
				PRODUCT_NAME = "$(TARGET_NAME)";
				SWIFT_VERSION = 5.0;
				TARGETED_DEVICE_FAMILY = "1,2";
			};
			name = Debug;
		};
		18C285E422BD616600A6684A /* Release */ = {
			isa = XCBuildConfiguration;
			buildSettings = {
				ASSETCATALOG_COMPILER_APPICON_NAME = AppIcon;
				CODE_SIGN_STYLE = Automatic;
				INFOPLIST_FILE = ToDoList/Info.plist;
				LD_RUNPATH_SEARCH_PATHS = (
					"$(inherited)",
					"@executable_path/Frameworks",
				);
				PRODUCT_BUNDLE_IDENTIFIER = IsabellaKulstad.ToDoList;
				PRODUCT_NAME = "$(TARGET_NAME)";
				SWIFT_VERSION = 5.0;
				TARGETED_DEVICE_FAMILY = "1,2";
			};
			name = Release;
		};
		18C285E622BD616600A6684A /* Debug */ = {
			isa = XCBuildConfiguration;
			buildSettings = {
				ALWAYS_EMBED_SWIFT_STANDARD_LIBRARIES = YES;
				BUNDLE_LOADER = "$(TEST_HOST)";
				CODE_SIGN_STYLE = Automatic;
				INFOPLIST_FILE = ToDoListTests/Info.plist;
				LD_RUNPATH_SEARCH_PATHS = (
					"$(inherited)",
					"@executable_path/Frameworks",
					"@loader_path/Frameworks",
				);
				PRODUCT_BUNDLE_IDENTIFIER = IsabellaKulstad.ToDoListTests;
				PRODUCT_NAME = "$(TARGET_NAME)";
				SWIFT_VERSION = 5.0;
				TARGETED_DEVICE_FAMILY = "1,2";
				TEST_HOST = "$(BUILT_PRODUCTS_DIR)/ToDoList.app/ToDoList";
			};
			name = Debug;
		};
		18C285E722BD616600A6684A /* Release */ = {
			isa = XCBuildConfiguration;
			buildSettings = {
				ALWAYS_EMBED_SWIFT_STANDARD_LIBRARIES = YES;
				BUNDLE_LOADER = "$(TEST_HOST)";
				CODE_SIGN_STYLE = Automatic;
				INFOPLIST_FILE = ToDoListTests/Info.plist;
				LD_RUNPATH_SEARCH_PATHS = (
					"$(inherited)",
					"@executable_path/Frameworks",
					"@loader_path/Frameworks",
				);
				PRODUCT_BUNDLE_IDENTIFIER = IsabellaKulstad.ToDoListTests;
				PRODUCT_NAME = "$(TARGET_NAME)";
				SWIFT_VERSION = 5.0;
				TARGETED_DEVICE_FAMILY = "1,2";
				TEST_HOST = "$(BUILT_PRODUCTS_DIR)/ToDoList.app/ToDoList";
			};
			name = Release;
		};
		18C285E922BD616600A6684A /* Debug */ = {
			isa = XCBuildConfiguration;
			buildSettings = {
				ALWAYS_EMBED_SWIFT_STANDARD_LIBRARIES = YES;
				CODE_SIGN_STYLE = Automatic;
				INFOPLIST_FILE = ToDoListUITests/Info.plist;
				LD_RUNPATH_SEARCH_PATHS = (
					"$(inherited)",
					"@executable_path/Frameworks",
					"@loader_path/Frameworks",
				);
				PRODUCT_BUNDLE_IDENTIFIER = IsabellaKulstad.ToDoListUITests;
				PRODUCT_NAME = "$(TARGET_NAME)";
				SWIFT_VERSION = 5.0;
				TARGETED_DEVICE_FAMILY = "1,2";
				TEST_TARGET_NAME = ToDoList;
			};
			name = Debug;
		};
		18C285EA22BD616600A6684A /* Release */ = {
			isa = XCBuildConfiguration;
			buildSettings = {
				ALWAYS_EMBED_SWIFT_STANDARD_LIBRARIES = YES;
				CODE_SIGN_STYLE = Automatic;
				INFOPLIST_FILE = ToDoListUITests/Info.plist;
				LD_RUNPATH_SEARCH_PATHS = (
					"$(inherited)",
					"@executable_path/Frameworks",
					"@loader_path/Frameworks",
				);
				PRODUCT_BUNDLE_IDENTIFIER = IsabellaKulstad.ToDoListUITests;
				PRODUCT_NAME = "$(TARGET_NAME)";
				SWIFT_VERSION = 5.0;
				TARGETED_DEVICE_FAMILY = "1,2";
				TEST_TARGET_NAME = ToDoList;
			};
			name = Release;
		};
/* End XCBuildConfiguration section */

/* Begin XCConfigurationList section */
		18C285B222BD616500A6684A /* Build configuration list for PBXProject "ToDoList" */ = {
			isa = XCConfigurationList;
			buildConfigurations = (
				18C285E022BD616600A6684A /* Debug */,
				18C285E122BD616600A6684A /* Release */,
			);
			defaultConfigurationIsVisible = 0;
			defaultConfigurationName = Release;
		};
		18C285E222BD616600A6684A /* Build configuration list for PBXNativeTarget "ToDoList" */ = {
			isa = XCConfigurationList;
			buildConfigurations = (
				18C285E322BD616600A6684A /* Debug */,
				18C285E422BD616600A6684A /* Release */,
			);
			defaultConfigurationIsVisible = 0;
			defaultConfigurationName = Release;
		};
		18C285E522BD616600A6684A /* Build configuration list for PBXNativeTarget "ToDoListTests" */ = {
			isa = XCConfigurationList;
			buildConfigurations = (
				18C285E622BD616600A6684A /* Debug */,
				18C285E722BD616600A6684A /* Release */,
			);
			defaultConfigurationIsVisible = 0;
			defaultConfigurationName = Release;
		};
		18C285E822BD616600A6684A /* Build configuration list for PBXNativeTarget "ToDoListUITests" */ = {
			isa = XCConfigurationList;
			buildConfigurations = (
				18C285E922BD616600A6684A /* Debug */,
				18C285EA22BD616600A6684A /* Release */,
			);
			defaultConfigurationIsVisible = 0;
			defaultConfigurationName = Release;
		};
/* End XCConfigurationList section */

/* Begin XCVersionGroup section */
		18C285C122BD616500A6684A /* ToDoList.xcdatamodeld */ = {
			isa = XCVersionGroup;
			children = (
				18C285C222BD616500A6684A /* ToDoList.xcdatamodel */,
			);
			currentVersion = 18C285C222BD616500A6684A /* ToDoList.xcdatamodel */;
			path = ToDoList.xcdatamodeld;
			sourceTree = "<group>";
			versionGroupType = wrapper.xcdatamodel;
		};
/* End XCVersionGroup section */
	};
	rootObject = 18C285AF22BD616500A6684A /* Project object */;
}
